// !$*UTF8*$!
{
	archiveVersion = 1;
	classes = {
	};
	objectVersion = 46;
	objects = {

/* Begin PBXBuildFile section */
		1210300B4442BF2012D238CE /* EntityComponentSystem.m in Sources */ = {isa = PBXBuildFile; fileRef = 12103B893CDAEFE89B1EFEB9 /* EntityComponentSystem.m */; };
		12103025D62060F167C2323B /* World.m in Sources */ = {isa = PBXBuildFile; fileRef = 12103CC224B7C769B7A3B038 /* World.m */; };
		121030CFF5048F86B709BCEC /* Component.m in Sources */ = {isa = PBXBuildFile; fileRef = 121039D84CBA1EECA5C5C52D /* Component.m */; };
		121032073E15A22DB4730879 /* Aspect.m in Sources */ = {isa = PBXBuildFile; fileRef = 121038F6C79E16E62CA610CC /* Aspect.m */; };
		12103475B8A2400693D8A248 /* TagManager.m in Sources */ = {isa = PBXBuildFile; fileRef = 12103B42D95E4C51A5783DC2 /* TagManager.m */; };
		121035C30E69E67FA2001AC8 /* DelayedEntityProcessingSystem.m in Sources */ = {isa = PBXBuildFile; fileRef = 12103AFA336130AB5B727EB2 /* DelayedEntityProcessingSystem.m */; };
		121035EF290A6968405C0CA8 /* ComponentManager.m in Sources */ = {isa = PBXBuildFile; fileRef = 121039D6DA89D9AA5ED19C18 /* ComponentManager.m */; };
		121036230D2F7D02AFCF3DC4 /* Manager.m in Sources */ = {isa = PBXBuildFile; fileRef = 12103C47F9A6077A7D087CBA /* Manager.m */; };
		12103797FE07A27B2B4B55EF /* GroupManager.m in Sources */ = {isa = PBXBuildFile; fileRef = 1210340F854726179FA8E67D /* GroupManager.m */; };
		121037B788C6B9CF06618D94 /* TagEntitySystem.m in Sources */ = {isa = PBXBuildFile; fileRef = 121031C64C7138B54FD7C78D /* TagEntitySystem.m */; };
		1210382B3F61C7F4D972CFA4 /* IntervalEntitySystem.m in Sources */ = {isa = PBXBuildFile; fileRef = 12103B28BC526D13E4548BBD /* IntervalEntitySystem.m */; };
		121038C4518D136EE800260D /* TeamManager.m in Sources */ = {isa = PBXBuildFile; fileRef = 12103E5C156C8DF486F4FB28 /* TeamManager.m */; };
		121038E101FCE211C0FA4F4F /* EntityProcessingSystem.m in Sources */ = {isa = PBXBuildFile; fileRef = 1210373A7C61AEE6A13644B2 /* EntityProcessingSystem.m */; };
		1210391DEED212782DC48FD8 /* PlayerManager.m in Sources */ = {isa = PBXBuildFile; fileRef = 1210367EE846F8DF24150759 /* PlayerManager.m */; };
		12103939577ABC1ABCBE490A /* LabelManager.m in Sources */ = {isa = PBXBuildFile; fileRef = 121031335DA44A5EE6A2AE10 /* LabelManager.m */; };
		12103A4F05760BAB6BC66346 /* Entity.m in Sources */ = {isa = PBXBuildFile; fileRef = 1210361C2FA055913497042C /* Entity.m */; };
		12103B2C842F4E0183E91E75 /* ComponentMapper.m in Sources */ = {isa = PBXBuildFile; fileRef = 12103EF099E6F7461F59BD24 /* ComponentMapper.m */; };
		12103D6C128F5BCA1BA00EA4 /* IntervalEntityProcessingSystem.m in Sources */ = {isa = PBXBuildFile; fileRef = 12103DAE89F3014A61732BE2 /* IntervalEntityProcessingSystem.m */; };
		12103E81065B4903A9D13514 /* EntitySystem.m in Sources */ = {isa = PBXBuildFile; fileRef = 121037763001708AFAA76FF7 /* EntitySystem.m */; };
		12103EE344468BF4B7881A83 /* SystemManager.m in Sources */ = {isa = PBXBuildFile; fileRef = 1210362A71D5803BFF34D241 /* SystemManager.m */; };
		12103F608D3DC2743FE36E9D /* EntityManager.m in Sources */ = {isa = PBXBuildFile; fileRef = 121038199063F9F0A4A785EA /* EntityManager.m */; };
		12103FF45982081634998C98 /* GroupEntitySystem.m in Sources */ = {isa = PBXBuildFile; fileRef = 12103BA750FAAD30C87F4AC9 /* GroupEntitySystem.m */; };
		3FF7D943172198820034267F /* UIKit.framework in Frameworks */ = {isa = PBXBuildFile; fileRef = 3FF7D942172198820034267F /* UIKit.framework */; };
		3FF7D945172198820034267F /* Foundation.framework in Frameworks */ = {isa = PBXBuildFile; fileRef = 3FF7D944172198820034267F /* Foundation.framework */; };
		3FF7D947172198820034267F /* CoreGraphics.framework in Frameworks */ = {isa = PBXBuildFile; fileRef = 3FF7D946172198820034267F /* CoreGraphics.framework */; };
		3FF7D94D172198820034267F /* InfoPlist.strings in Resources */ = {isa = PBXBuildFile; fileRef = 3FF7D94B172198820034267F /* InfoPlist.strings */; };
		3FF7D94F172198820034267F /* main.m in Sources */ = {isa = PBXBuildFile; fileRef = 3FF7D94E172198820034267F /* main.m */; };
		3FF7D953172198820034267F /* AppDelegate.m in Sources */ = {isa = PBXBuildFile; fileRef = 3FF7D952172198820034267F /* AppDelegate.m */; };
		3FF7D955172198820034267F /* Default.png in Resources */ = {isa = PBXBuildFile; fileRef = 3FF7D954172198820034267F /* Default.png */; };
		3FF7D957172198820034267F /* Default@2x.png in Resources */ = {isa = PBXBuildFile; fileRef = 3FF7D956172198820034267F /* Default@2x.png */; };
		3FF7D959172198820034267F /* Default-568h@2x.png in Resources */ = {isa = PBXBuildFile; fileRef = 3FF7D958172198820034267F /* Default-568h@2x.png */; };
/* End PBXBuildFile section */

/* Begin PBXFileReference section */
		121031335DA44A5EE6A2AE10 /* LabelManager.m */ = {isa = PBXFileReference; fileEncoding = 4; lastKnownFileType = sourcecode.c.objc; path = LabelManager.m; sourceTree = "<group>"; };
		1210316E8B90D17F1169E776 /* Component.h */ = {isa = PBXFileReference; fileEncoding = 4; lastKnownFileType = sourcecode.c.h; path = Component.h; sourceTree = "<group>"; };
		12103177EF7216C64B825D70 /* TagManager.h */ = {isa = PBXFileReference; fileEncoding = 4; lastKnownFileType = sourcecode.c.h; path = TagManager.h; sourceTree = "<group>"; };
		121031C64C7138B54FD7C78D /* TagEntitySystem.m */ = {isa = PBXFileReference; fileEncoding = 4; lastKnownFileType = sourcecode.c.objc; path = TagEntitySystem.m; sourceTree = "<group>"; };
		12103258E59BA14EB10899FA /* IntervalEntitySystem.h */ = {isa = PBXFileReference; fileEncoding = 4; lastKnownFileType = sourcecode.c.h; path = IntervalEntitySystem.h; sourceTree = "<group>"; };
		121032B9A92FF41F84401FCD /* Manager.h */ = {isa = PBXFileReference; fileEncoding = 4; lastKnownFileType = sourcecode.c.h; path = Manager.h; sourceTree = "<group>"; };
		1210332CEA9AA6A04C214545 /* Entity.h */ = {isa = PBXFileReference; fileEncoding = 4; lastKnownFileType = sourcecode.c.h; path = Entity.h; sourceTree = "<group>"; };
		1210333C452CD9739EBD68DC /* EntityManager.h */ = {isa = PBXFileReference; fileEncoding = 4; lastKnownFileType = sourcecode.c.h; path = EntityManager.h; sourceTree = "<group>"; };
		1210334E06A45FC9C470ADC5 /* TagEntitySystem.h */ = {isa = PBXFileReference; fileEncoding = 4; lastKnownFileType = sourcecode.c.h; path = TagEntitySystem.h; sourceTree = "<group>"; };
		121033B8924774F12123454C /* EntityProcessingSystem.h */ = {isa = PBXFileReference; fileEncoding = 4; lastKnownFileType = sourcecode.c.h; path = EntityProcessingSystem.h; sourceTree = "<group>"; };
		1210340F854726179FA8E67D /* GroupManager.m */ = {isa = PBXFileReference; fileEncoding = 4; lastKnownFileType = sourcecode.c.objc; path = GroupManager.m; sourceTree = "<group>"; };
		12103485F8CE57DD212951DA /* GroupManager.h */ = {isa = PBXFileReference; fileEncoding = 4; lastKnownFileType = sourcecode.c.h; path = GroupManager.h; sourceTree = "<group>"; };
		12103487DC7211EB50770130 /* TeamManager.h */ = {isa = PBXFileReference; fileEncoding = 4; lastKnownFileType = sourcecode.c.h; path = TeamManager.h; sourceTree = "<group>"; };
		1210361C2FA055913497042C /* Entity.m */ = {isa = PBXFileReference; fileEncoding = 4; lastKnownFileType = sourcecode.c.objc; path = Entity.m; sourceTree = "<group>"; };
		1210362A71D5803BFF34D241 /* SystemManager.m */ = {isa = PBXFileReference; fileEncoding = 4; lastKnownFileType = sourcecode.c.objc; path = SystemManager.m; sourceTree = "<group>"; };
		12103657C464757C073D4B95 /* IntervalEntityProcessingSystem.h */ = {isa = PBXFileReference; fileEncoding = 4; lastKnownFileType = sourcecode.c.h; path = IntervalEntityProcessingSystem.h; sourceTree = "<group>"; };
		1210367EE846F8DF24150759 /* PlayerManager.m */ = {isa = PBXFileReference; fileEncoding = 4; lastKnownFileType = sourcecode.c.objc; path = PlayerManager.m; sourceTree = "<group>"; };
		121037027AE026768A911F26 /* SystemManager.h */ = {isa = PBXFileReference; fileEncoding = 4; lastKnownFileType = sourcecode.c.h; path = SystemManager.h; sourceTree = "<group>"; };
		1210371A529A3AB1E4ACC351 /* ComponentMapper.h */ = {isa = PBXFileReference; fileEncoding = 4; lastKnownFileType = sourcecode.c.h; path = ComponentMapper.h; sourceTree = "<group>"; };
		1210373A7C61AEE6A13644B2 /* EntityProcessingSystem.m */ = {isa = PBXFileReference; fileEncoding = 4; lastKnownFileType = sourcecode.c.objc; path = EntityProcessingSystem.m; sourceTree = "<group>"; };
		12103773F4889085254D0825 /* Aspect.h */ = {isa = PBXFileReference; fileEncoding = 4; lastKnownFileType = sourcecode.c.h; path = Aspect.h; sourceTree = "<group>"; };
		121037763001708AFAA76FF7 /* EntitySystem.m */ = {isa = PBXFileReference; fileEncoding = 4; lastKnownFileType = sourcecode.c.objc; path = EntitySystem.m; sourceTree = "<group>"; };
		121037A45F8556A1AA1F4273 /* EntityDelegate.h */ = {isa = PBXFileReference; fileEncoding = 4; lastKnownFileType = sourcecode.c.h; path = EntityDelegate.h; sourceTree = "<group>"; };
		12103811FF3A374F30A8FB7D /* World.h */ = {isa = PBXFileReference; fileEncoding = 4; lastKnownFileType = sourcecode.c.h; path = World.h; sourceTree = "<group>"; };
		121038199063F9F0A4A785EA /* EntityManager.m */ = {isa = PBXFileReference; fileEncoding = 4; lastKnownFileType = sourcecode.c.objc; path = EntityManager.m; sourceTree = "<group>"; };
		121038A16760B4B245A7DBD2 /* EntitySystem.h */ = {isa = PBXFileReference; fileEncoding = 4; lastKnownFileType = sourcecode.c.h; path = EntitySystem.h; sourceTree = "<group>"; };
		121038F6C79E16E62CA610CC /* Aspect.m */ = {isa = PBXFileReference; fileEncoding = 4; lastKnownFileType = sourcecode.c.objc; path = Aspect.m; sourceTree = "<group>"; };
		12103921C5B6718DC5FB6DA3 /* LabelManager.h */ = {isa = PBXFileReference; fileEncoding = 4; lastKnownFileType = sourcecode.c.h; path = LabelManager.h; sourceTree = "<group>"; };
		121039D6DA89D9AA5ED19C18 /* ComponentManager.m */ = {isa = PBXFileReference; fileEncoding = 4; lastKnownFileType = sourcecode.c.objc; path = ComponentManager.m; sourceTree = "<group>"; };
		121039D84CBA1EECA5C5C52D /* Component.m */ = {isa = PBXFileReference; fileEncoding = 4; lastKnownFileType = sourcecode.c.objc; path = Component.m; sourceTree = "<group>"; };
		12103A21B10E16BCEDEC5569 /* DelayedEntityProcessingSystem.h */ = {isa = PBXFileReference; fileEncoding = 4; lastKnownFileType = sourcecode.c.h; path = DelayedEntityProcessingSystem.h; sourceTree = "<group>"; };
		12103AFA336130AB5B727EB2 /* DelayedEntityProcessingSystem.m */ = {isa = PBXFileReference; fileEncoding = 4; lastKnownFileType = sourcecode.c.objc; path = DelayedEntityProcessingSystem.m; sourceTree = "<group>"; };
		12103B28BC526D13E4548BBD /* IntervalEntitySystem.m */ = {isa = PBXFileReference; fileEncoding = 4; lastKnownFileType = sourcecode.c.objc; path = IntervalEntitySystem.m; sourceTree = "<group>"; };
		12103B42D95E4C51A5783DC2 /* TagManager.m */ = {isa = PBXFileReference; fileEncoding = 4; lastKnownFileType = sourcecode.c.objc; path = TagManager.m; sourceTree = "<group>"; };
		12103B804CF0B4D61A718DD1 /* PlayerManager.h */ = {isa = PBXFileReference; fileEncoding = 4; lastKnownFileType = sourcecode.c.h; path = PlayerManager.h; sourceTree = "<group>"; };
		12103B893CDAEFE89B1EFEB9 /* EntityComponentSystem.m */ = {isa = PBXFileReference; fileEncoding = 4; lastKnownFileType = sourcecode.c.objc; path = EntityComponentSystem.m; sourceTree = "<group>"; };
		12103BA750FAAD30C87F4AC9 /* GroupEntitySystem.m */ = {isa = PBXFileReference; fileEncoding = 4; lastKnownFileType = sourcecode.c.objc; path = GroupEntitySystem.m; sourceTree = "<group>"; };
		12103C47F9A6077A7D087CBA /* Manager.m */ = {isa = PBXFileReference; fileEncoding = 4; lastKnownFileType = sourcecode.c.objc; path = Manager.m; sourceTree = "<group>"; };
		12103CC224B7C769B7A3B038 /* World.m */ = {isa = PBXFileReference; fileEncoding = 4; lastKnownFileType = sourcecode.c.objc; path = World.m; sourceTree = "<group>"; };
		12103D5CAC321E81BC469586 /* GroupEntitySystem.h */ = {isa = PBXFileReference; fileEncoding = 4; lastKnownFileType = sourcecode.c.h; path = GroupEntitySystem.h; sourceTree = "<group>"; };
		12103DAE89F3014A61732BE2 /* IntervalEntityProcessingSystem.m */ = {isa = PBXFileReference; fileEncoding = 4; lastKnownFileType = sourcecode.c.objc; path = IntervalEntityProcessingSystem.m; sourceTree = "<group>"; };
		12103E556359325463A8CC03 /* EntityComponentSystem.h */ = {isa = PBXFileReference; fileEncoding = 4; lastKnownFileType = sourcecode.c.h; path = EntityComponentSystem.h; sourceTree = "<group>"; };
		12103E5C156C8DF486F4FB28 /* TeamManager.m */ = {isa = PBXFileReference; fileEncoding = 4; lastKnownFileType = sourcecode.c.objc; path = TeamManager.m; sourceTree = "<group>"; };
		12103EF099E6F7461F59BD24 /* ComponentMapper.m */ = {isa = PBXFileReference; fileEncoding = 4; lastKnownFileType = sourcecode.c.objc; path = ComponentMapper.m; sourceTree = "<group>"; };
		12103F26E13F571454E5B912 /* ComponentManager.h */ = {isa = PBXFileReference; fileEncoding = 4; lastKnownFileType = sourcecode.c.h; path = ComponentManager.h; sourceTree = "<group>"; };
		3FF7D93F172198820034267F /* ObjectiveArtemis.app */ = {isa = PBXFileReference; explicitFileType = wrapper.application; includeInIndex = 0; path = ObjectiveArtemis.app; sourceTree = BUILT_PRODUCTS_DIR; };
		3FF7D942172198820034267F /* UIKit.framework */ = {isa = PBXFileReference; lastKnownFileType = wrapper.framework; name = UIKit.framework; path = System/Library/Frameworks/UIKit.framework; sourceTree = SDKROOT; };
		3FF7D944172198820034267F /* Foundation.framework */ = {isa = PBXFileReference; lastKnownFileType = wrapper.framework; name = Foundation.framework; path = System/Library/Frameworks/Foundation.framework; sourceTree = SDKROOT; };
		3FF7D946172198820034267F /* CoreGraphics.framework */ = {isa = PBXFileReference; lastKnownFileType = wrapper.framework; name = CoreGraphics.framework; path = System/Library/Frameworks/CoreGraphics.framework; sourceTree = SDKROOT; };
		3FF7D94A172198820034267F /* ObjectiveArtemis-Info.plist */ = {isa = PBXFileReference; lastKnownFileType = text.plist.xml; path = "ObjectiveArtemis-Info.plist"; sourceTree = "<group>"; };
		3FF7D94C172198820034267F /* en */ = {isa = PBXFileReference; lastKnownFileType = text.plist.strings; name = en; path = en.lproj/InfoPlist.strings; sourceTree = "<group>"; };
		3FF7D94E172198820034267F /* main.m */ = {isa = PBXFileReference; lastKnownFileType = sourcecode.c.objc; path = main.m; sourceTree = "<group>"; };
		3FF7D950172198820034267F /* ObjectiveArtemis-Prefix.pch */ = {isa = PBXFileReference; lastKnownFileType = sourcecode.c.h; path = "ObjectiveArtemis-Prefix.pch"; sourceTree = "<group>"; };
		3FF7D951172198820034267F /* AppDelegate.h */ = {isa = PBXFileReference; lastKnownFileType = sourcecode.c.h; path = AppDelegate.h; sourceTree = "<group>"; };
		3FF7D952172198820034267F /* AppDelegate.m */ = {isa = PBXFileReference; lastKnownFileType = sourcecode.c.objc; path = AppDelegate.m; sourceTree = "<group>"; };
		3FF7D954172198820034267F /* Default.png */ = {isa = PBXFileReference; lastKnownFileType = image.png; path = Default.png; sourceTree = "<group>"; };
		3FF7D956172198820034267F /* Default@2x.png */ = {isa = PBXFileReference; lastKnownFileType = image.png; path = "Default@2x.png"; sourceTree = "<group>"; };
		3FF7D958172198820034267F /* Default-568h@2x.png */ = {isa = PBXFileReference; lastKnownFileType = image.png; path = "Default-568h@2x.png"; sourceTree = "<group>"; };
		3FF7D9601721992C0034267F /* artemis.h */ = {isa = PBXFileReference; fileEncoding = 4; lastKnownFileType = sourcecode.c.h; path = artemis.h; sourceTree = "<group>"; };
/* End PBXFileReference section */

/* Begin PBXFrameworksBuildPhase section */
		3FF7D93C172198820034267F /* Frameworks */ = {
			isa = PBXFrameworksBuildPhase;
			buildActionMask = 2147483647;
			files = (
				3FF7D943172198820034267F /* UIKit.framework in Frameworks */,
				3FF7D945172198820034267F /* Foundation.framework in Frameworks */,
				3FF7D947172198820034267F /* CoreGraphics.framework in Frameworks */,
			);
			runOnlyForDeploymentPostprocessing = 0;
		};
/* End PBXFrameworksBuildPhase section */

/* Begin PBXGroup section */
		3FF7D936172198820034267F = {
			isa = PBXGroup;
			children = (
				3FF7D95F1721992C0034267F /* Artemis */,
				3FF7D948172198820034267F /* ObjectiveArtemis */,
				3FF7D941172198820034267F /* Frameworks */,
				3FF7D940172198820034267F /* Products */,
			);
			sourceTree = "<group>";
		};
		3FF7D940172198820034267F /* Products */ = {
			isa = PBXGroup;
			children = (
				3FF7D93F172198820034267F /* ObjectiveArtemis.app */,
			);
			name = Products;
			sourceTree = "<group>";
		};
		3FF7D941172198820034267F /* Frameworks */ = {
			isa = PBXGroup;
			children = (
				3FF7D942172198820034267F /* UIKit.framework */,
				3FF7D944172198820034267F /* Foundation.framework */,
				3FF7D946172198820034267F /* CoreGraphics.framework */,
			);
			name = Frameworks;
			sourceTree = "<group>";
		};
		3FF7D948172198820034267F /* ObjectiveArtemis */ = {
			isa = PBXGroup;
			children = (
				3FF7D951172198820034267F /* AppDelegate.h */,
				3FF7D952172198820034267F /* AppDelegate.m */,
				3FF7D949172198820034267F /* Supporting Files */,
			);
			path = ObjectiveArtemis;
			sourceTree = "<group>";
		};
		3FF7D949172198820034267F /* Supporting Files */ = {
			isa = PBXGroup;
			children = (
				3FF7D94A172198820034267F /* ObjectiveArtemis-Info.plist */,
				3FF7D94B172198820034267F /* InfoPlist.strings */,
				3FF7D94E172198820034267F /* main.m */,
				3FF7D950172198820034267F /* ObjectiveArtemis-Prefix.pch */,
				3FF7D954172198820034267F /* Default.png */,
				3FF7D956172198820034267F /* Default@2x.png */,
				3FF7D958172198820034267F /* Default-568h@2x.png */,
			);
			name = "Supporting Files";
			sourceTree = "<group>";
		};
		3FF7D95F1721992C0034267F /* Artemis */ = {
			isa = PBXGroup;
			children = (
				3FF7D98B17219B820034267F /* Basis */,
				3FF7D98C17219B820034267F /* Managers */,
				3FF7D98D17219B820034267F /* Systems */,
				3FF7D9601721992C0034267F /* artemis.h */,
			);
			path = Artemis;
			sourceTree = "<group>";
		};
		3FF7D98B17219B820034267F /* Basis */ = {
			isa = PBXGroup;
			children = (
				1210316E8B90D17F1169E776 /* Component.h */,
				12103811FF3A374F30A8FB7D /* World.h */,
				1210361C2FA055913497042C /* Entity.m */,
				12103CC224B7C769B7A3B038 /* World.m */,
				121037763001708AFAA76FF7 /* EntitySystem.m */,
				1210371A529A3AB1E4ACC351 /* ComponentMapper.h */,
				1210332CEA9AA6A04C214545 /* Entity.h */,
				121039D84CBA1EECA5C5C52D /* Component.m */,
				12103EF099E6F7461F59BD24 /* ComponentMapper.m */,
				121038A16760B4B245A7DBD2 /* EntitySystem.h */,
				121032B9A92FF41F84401FCD /* Manager.h */,
				12103C47F9A6077A7D087CBA /* Manager.m */,
				121038F6C79E16E62CA610CC /* Aspect.m */,
				12103773F4889085254D0825 /* Aspect.h */,
				121037A45F8556A1AA1F4273 /* EntityDelegate.h */,
				121038199063F9F0A4A785EA /* EntityManager.m */,
				1210333C452CD9739EBD68DC /* EntityManager.h */,
				121037027AE026768A911F26 /* SystemManager.h */,
				1210362A71D5803BFF34D241 /* SystemManager.m */,
				121039D6DA89D9AA5ED19C18 /* ComponentManager.m */,
				12103F26E13F571454E5B912 /* ComponentManager.h */,
			);
			path = Basis;
			sourceTree = "<group>";
		};
		3FF7D98C17219B820034267F /* Managers */ = {
			isa = PBXGroup;
			children = (
				12103485F8CE57DD212951DA /* GroupManager.h */,
				12103B42D95E4C51A5783DC2 /* TagManager.m */,
				121031335DA44A5EE6A2AE10 /* LabelManager.m */,
				1210340F854726179FA8E67D /* GroupManager.m */,
				12103921C5B6718DC5FB6DA3 /* LabelManager.h */,
				12103177EF7216C64B825D70 /* TagManager.h */,
				1210367EE846F8DF24150759 /* PlayerManager.m */,
				12103B804CF0B4D61A718DD1 /* PlayerManager.h */,
				12103E5C156C8DF486F4FB28 /* TeamManager.m */,
				12103487DC7211EB50770130 /* TeamManager.h */,
			);
			path = Managers;
			sourceTree = "<group>";
		};
		3FF7D98D17219B820034267F /* Systems */ = {
			isa = PBXGroup;
			children = (
				12103B893CDAEFE89B1EFEB9 /* EntityComponentSystem.m */,
				12103E556359325463A8CC03 /* EntityComponentSystem.h */,
				12103D5CAC321E81BC469586 /* GroupEntitySystem.h */,
				12103BA750FAAD30C87F4AC9 /* GroupEntitySystem.m */,
				121031C64C7138B54FD7C78D /* TagEntitySystem.m */,
				1210334E06A45FC9C470ADC5 /* TagEntitySystem.h */,
				12103AFA336130AB5B727EB2 /* DelayedEntityProcessingSystem.m */,
				12103A21B10E16BCEDEC5569 /* DelayedEntityProcessingSystem.h */,
				1210373A7C61AEE6A13644B2 /* EntityProcessingSystem.m */,
				121033B8924774F12123454C /* EntityProcessingSystem.h */,
				12103B28BC526D13E4548BBD /* IntervalEntitySystem.m */,
				12103258E59BA14EB10899FA /* IntervalEntitySystem.h */,
				12103DAE89F3014A61732BE2 /* IntervalEntityProcessingSystem.m */,
				12103657C464757C073D4B95 /* IntervalEntityProcessingSystem.h */,
			);
			path = Systems;
			sourceTree = "<group>";
		};
/* End PBXGroup section */

/* Begin PBXNativeTarget section */
		3FF7D93E172198820034267F /* ObjectiveArtemis */ = {
			isa = PBXNativeTarget;
			buildConfigurationList = 3FF7D95C172198820034267F /* Build configuration list for PBXNativeTarget "ObjectiveArtemis" */;
			buildPhases = (
				3FF7D93B172198820034267F /* Sources */,
				3FF7D93C172198820034267F /* Frameworks */,
				3FF7D93D172198820034267F /* Resources */,
			);
			buildRules = (
			);
			dependencies = (
			);
			name = ObjectiveArtemis;
			productName = ObjectiveArtemis;
			productReference = 3FF7D93F172198820034267F /* ObjectiveArtemis.app */;
			productType = "com.apple.product-type.application";
		};
/* End PBXNativeTarget section */

/* Begin PBXProject section */
		3FF7D937172198820034267F /* Project object */ = {
			isa = PBXProject;
			attributes = {
				LastUpgradeCheck = 0460;
				ORGANIZATIONNAME = "Kerberos Zhang";
			};
			buildConfigurationList = 3FF7D93A172198820034267F /* Build configuration list for PBXProject "ObjectiveArtemis" */;
			compatibilityVersion = "Xcode 3.2";
			developmentRegion = English;
			hasScannedForEncodings = 0;
			knownRegions = (
				en,
			);
			mainGroup = 3FF7D936172198820034267F;
			productRefGroup = 3FF7D940172198820034267F /* Products */;
			projectDirPath = "";
			projectRoot = "";
			targets = (
				3FF7D93E172198820034267F /* ObjectiveArtemis */,
			);
		};
/* End PBXProject section */

/* Begin PBXResourcesBuildPhase section */
		3FF7D93D172198820034267F /* Resources */ = {
			isa = PBXResourcesBuildPhase;
			buildActionMask = 2147483647;
			files = (
				3FF7D94D172198820034267F /* InfoPlist.strings in Resources */,
				3FF7D955172198820034267F /* Default.png in Resources */,
				3FF7D957172198820034267F /* Default@2x.png in Resources */,
				3FF7D959172198820034267F /* Default-568h@2x.png in Resources */,
			);
			runOnlyForDeploymentPostprocessing = 0;
		};
/* End PBXResourcesBuildPhase section */

/* Begin PBXSourcesBuildPhase section */
		3FF7D93B172198820034267F /* Sources */ = {
			isa = PBXSourcesBuildPhase;
			buildActionMask = 2147483647;
			files = (
				3FF7D94F172198820034267F /* main.m in Sources */,
				3FF7D953172198820034267F /* AppDelegate.m in Sources */,
				12103A4F05760BAB6BC66346 /* Entity.m in Sources */,
				12103025D62060F167C2323B /* World.m in Sources */,
				12103E81065B4903A9D13514 /* EntitySystem.m in Sources */,
				121030CFF5048F86B709BCEC /* Component.m in Sources */,
				12103B2C842F4E0183E91E75 /* ComponentMapper.m in Sources */,
				12103475B8A2400693D8A248 /* TagManager.m in Sources */,
				12103939577ABC1ABCBE490A /* LabelManager.m in Sources */,
				12103797FE07A27B2B4B55EF /* GroupManager.m in Sources */,
				121036230D2F7D02AFCF3DC4 /* Manager.m in Sources */,
				1210300B4442BF2012D238CE /* EntityComponentSystem.m in Sources */,
				12103FF45982081634998C98 /* GroupEntitySystem.m in Sources */,
				121037B788C6B9CF06618D94 /* TagEntitySystem.m in Sources */,
				121032073E15A22DB4730879 /* Aspect.m in Sources */,
				12103F608D3DC2743FE36E9D /* EntityManager.m in Sources */,
				12103EE344468BF4B7881A83 /* SystemManager.m in Sources */,
				121035EF290A6968405C0CA8 /* ComponentManager.m in Sources */,
				1210391DEED212782DC48FD8 /* PlayerManager.m in Sources */,
				121038C4518D136EE800260D /* TeamManager.m in Sources */,
				121035C30E69E67FA2001AC8 /* DelayedEntityProcessingSystem.m in Sources */,
				121038E101FCE211C0FA4F4F /* EntityProcessingSystem.m in Sources */,
				1210382B3F61C7F4D972CFA4 /* IntervalEntitySystem.m in Sources */,
				12103D6C128F5BCA1BA00EA4 /* IntervalEntityProcessingSystem.m in Sources */,
			);
			runOnlyForDeploymentPostprocessing = 0;
		};
/* End PBXSourcesBuildPhase section */

/* Begin PBXVariantGroup section */
		3FF7D94B172198820034267F /* InfoPlist.strings */ = {
			isa = PBXVariantGroup;
			children = (
				3FF7D94C172198820034267F /* en */,
			);
			name = InfoPlist.strings;
			sourceTree = "<group>";
		};
/* End PBXVariantGroup section */

/* Begin XCBuildConfiguration section */
		3FF7D95A172198820034267F /* Debug */ = {
			isa = XCBuildConfiguration;
			buildSettings = {
				ALWAYS_SEARCH_USER_PATHS = NO;
				CLANG_CXX_LANGUAGE_STANDARD = "gnu++0x";
				CLANG_CXX_LIBRARY = "libc++";
				CLANG_WARN_CONSTANT_CONVERSION = YES;
				CLANG_WARN_EMPTY_BODY = YES;
				CLANG_WARN_ENUM_CONVERSION = YES;
				CLANG_WARN_INT_CONVERSION = YES;
				CLANG_WARN__DUPLICATE_METHOD_MATCH = YES;
				"CODE_SIGN_IDENTITY[sdk=iphoneos*]" = "iPhone Developer";
				COPY_PHASE_STRIP = NO;
				GCC_C_LANGUAGE_STANDARD = gnu99;
				GCC_DYNAMIC_NO_PIC = NO;
				GCC_OPTIMIZATION_LEVEL = 0;
				GCC_PREPROCESSOR_DEFINITIONS = (
					"DEBUG=1",
					"$(inherited)",
				);
				GCC_SYMBOLS_PRIVATE_EXTERN = NO;
				GCC_WARN_ABOUT_RETURN_TYPE = YES;
				GCC_WARN_UNINITIALIZED_AUTOS = YES;
				GCC_WARN_UNUSED_VARIABLE = YES;
				IPHONEOS_DEPLOYMENT_TARGET = 6.1;
				ONLY_ACTIVE_ARCH = YES;
				SDKROOT = iphoneos;
			};
			name = Debug;
		};
		3FF7D95B172198820034267F /* Release */ = {
			isa = XCBuildConfiguration;
			buildSettings = {
				ALWAYS_SEARCH_USER_PATHS = NO;
				CLANG_CXX_LANGUAGE_STANDARD = "gnu++0x";
				CLANG_CXX_LIBRARY = "libc++";
				CLANG_WARN_CONSTANT_CONVERSION = YES;
				CLANG_WARN_EMPTY_BODY = YES;
				CLANG_WARN_ENUM_CONVERSION = YES;
				CLANG_WARN_INT_CONVERSION = YES;
				CLANG_WARN__DUPLICATE_METHOD_MATCH = YES;
				"CODE_SIGN_IDENTITY[sdk=iphoneos*]" = "iPhone Developer";
				COPY_PHASE_STRIP = YES;
				GCC_C_LANGUAGE_STANDARD = gnu99;
				GCC_WARN_ABOUT_RETURN_TYPE = YES;
				GCC_WARN_UNINITIALIZED_AUTOS = YES;
				GCC_WARN_UNUSED_VARIABLE = YES;
				IPHONEOS_DEPLOYMENT_TARGET = 6.1;
				OTHER_CFLAGS = "-DNS_BLOCK_ASSERTIONS=1";
				SDKROOT = iphoneos;
				VALIDATE_PRODUCT = YES;
			};
			name = Release;
		};
		3FF7D95D172198820034267F /* Debug */ = {
			isa = XCBuildConfiguration;
			buildSettings = {
				GCC_PRECOMPILE_PREFIX_HEADER = YES;
				GCC_PREFIX_HEADER = "ObjectiveArtemis/ObjectiveArtemis-Prefix.pch";
				INFOPLIST_FILE = "ObjectiveArtemis/ObjectiveArtemis-Info.plist";
				PRODUCT_NAME = "$(TARGET_NAME)";
				WRAPPER_EXTENSION = app;
			};
			name = Debug;
		};
		3FF7D95E172198820034267F /* Release */ = {
			isa = XCBuildConfiguration;
			buildSettings = {
				GCC_PRECOMPILE_PREFIX_HEADER = YES;
				GCC_PREFIX_HEADER = "ObjectiveArtemis/ObjectiveArtemis-Prefix.pch";
				INFOPLIST_FILE = "ObjectiveArtemis/ObjectiveArtemis-Info.plist";
				PRODUCT_NAME = "$(TARGET_NAME)";
				WRAPPER_EXTENSION = app;
			};
			name = Release;
		};
/* End XCBuildConfiguration section */

/* Begin XCConfigurationList section */
		3FF7D93A172198820034267F /* Build configuration list for PBXProject "ObjectiveArtemis" */ = {
			isa = XCConfigurationList;
			buildConfigurations = (
				3FF7D95A172198820034267F /* Debug */,
				3FF7D95B172198820034267F /* Release */,
			);
			defaultConfigurationIsVisible = 0;
			defaultConfigurationName = Release;
		};
		3FF7D95C172198820034267F /* Build configuration list for PBXNativeTarget "ObjectiveArtemis" */ = {
			isa = XCConfigurationList;
			buildConfigurations = (
				3FF7D95D172198820034267F /* Debug */,
				3FF7D95E172198820034267F /* Release */,
			);
			defaultConfigurationIsVisible = 0;
			defaultConfigurationName = Release;
		};
/* End XCConfigurationList section */
	};
	rootObject = 3FF7D937172198820034267F /* Project object */;
}
