// !$*UTF8*$!
{
	archiveVersion = 1;
	classes = {
	};
	objectVersion = 46;
	objects = {

/* Begin PBXBuildFile section */
		1210300B4442BF2012D238CE /* AFEntityComponentSystem.m in Sources */ = {isa = PBXBuildFile; fileRef = 12103B893CDAEFE89B1EFEB9 /* AFEntityComponentSystem.m */; };
		12103025D62060F167C2323B /* AFWorld.m in Sources */ = {isa = PBXBuildFile; fileRef = 12103CC224B7C769B7A3B038 /* AFWorld.m */; };
		121030CFF5048F86B709BCEC /* AFComponent.m in Sources */ = {isa = PBXBuildFile; fileRef = 121039D84CBA1EECA5C5C52D /* AFComponent.m */; };
		121032073E15A22DB4730879 /* AFAspect.m in Sources */ = {isa = PBXBuildFile; fileRef = 121038F6C79E16E62CA610CC /* AFAspect.m */; };
		12103475B8A2400693D8A248 /* AFTagManager.m in Sources */ = {isa = PBXBuildFile; fileRef = 12103B42D95E4C51A5783DC2 /* AFTagManager.m */; };
		121035C30E69E67FA2001AC8 /* AFDelayedEntityProcessingSystem.m in Sources */ = {isa = PBXBuildFile; fileRef = 12103AFA336130AB5B727EB2 /* AFDelayedEntityProcessingSystem.m */; };
		121035EF290A6968405C0CA8 /* AFComponentManager.m in Sources */ = {isa = PBXBuildFile; fileRef = 121039D6DA89D9AA5ED19C18 /* AFComponentManager.m */; };
		121036230D2F7D02AFCF3DC4 /* AFManager.m in Sources */ = {isa = PBXBuildFile; fileRef = 12103C47F9A6077A7D087CBA /* AFManager.m */; };
		12103797FE07A27B2B4B55EF /* AFGroupManager.m in Sources */ = {isa = PBXBuildFile; fileRef = 1210340F854726179FA8E67D /* AFGroupManager.m */; };
		121037B788C6B9CF06618D94 /* AFTagEntitySystem.m in Sources */ = {isa = PBXBuildFile; fileRef = 121031C64C7138B54FD7C78D /* AFTagEntitySystem.m */; };
		1210382B3F61C7F4D972CFA4 /* AFIntervalEntitySystem.m in Sources */ = {isa = PBXBuildFile; fileRef = 12103B28BC526D13E4548BBD /* AFIntervalEntitySystem.m */; };
		121038C4518D136EE800260D /* AFTeamManager.m in Sources */ = {isa = PBXBuildFile; fileRef = 12103E5C156C8DF486F4FB28 /* AFTeamManager.m */; };
		121038E101FCE211C0FA4F4F /* AFEntityProcessingSystem.m in Sources */ = {isa = PBXBuildFile; fileRef = 1210373A7C61AEE6A13644B2 /* AFEntityProcessingSystem.m */; };
		1210391DEED212782DC48FD8 /* AFPlayerManager.m in Sources */ = {isa = PBXBuildFile; fileRef = 1210367EE846F8DF24150759 /* AFPlayerManager.m */; };
		12103939577ABC1ABCBE490A /* AFLabelManager.m in Sources */ = {isa = PBXBuildFile; fileRef = 121031335DA44A5EE6A2AE10 /* AFLabelManager.m */; };
		12103A4F05760BAB6BC66346 /* AFEntity.m in Sources */ = {isa = PBXBuildFile; fileRef = 1210361C2FA055913497042C /* AFEntity.m */; };
		12103B2C842F4E0183E91E75 /* AFComponentMapper.m in Sources */ = {isa = PBXBuildFile; fileRef = 12103EF099E6F7461F59BD24 /* AFComponentMapper.m */; };
		12103D6C128F5BCA1BA00EA4 /* AFIntervalEntityProcessingSystem.m in Sources */ = {isa = PBXBuildFile; fileRef = 12103DAE89F3014A61732BE2 /* AFIntervalEntityProcessingSystem.m */; };
		12103E81065B4903A9D13514 /* AFEntitySystem.m in Sources */ = {isa = PBXBuildFile; fileRef = 121037763001708AFAA76FF7 /* AFEntitySystem.m */; };
		12103EE344468BF4B7881A83 /* AFSystemManager.m in Sources */ = {isa = PBXBuildFile; fileRef = 1210362A71D5803BFF34D241 /* AFSystemManager.m */; };
		12103F608D3DC2743FE36E9D /* AFEntityManager.m in Sources */ = {isa = PBXBuildFile; fileRef = 121038199063F9F0A4A785EA /* AFEntityManager.m */; };
		12103FF45982081634998C98 /* AFGroupEntitySystem.m in Sources */ = {isa = PBXBuildFile; fileRef = 12103BA750FAAD30C87F4AC9 /* AFGroupEntitySystem.m */; };
		3F5A1C251727C5F400233384 /* AFComponentClassIndexer.m in Sources */ = {isa = PBXBuildFile; fileRef = 3F5A1C241727C5F400233384 /* AFComponentClassIndexer.m */; };
		3F5A1C281727C61E00233384 /* AFSystemClassIndexer.m in Sources */ = {isa = PBXBuildFile; fileRef = 3F5A1C271727C61E00233384 /* AFSystemClassIndexer.m */; };
		3FF7D943172198820034267F /* UIKit.framework in Frameworks */ = {isa = PBXBuildFile; fileRef = 3FF7D942172198820034267F /* UIKit.framework */; };
		3FF7D945172198820034267F /* Foundation.framework in Frameworks */ = {isa = PBXBuildFile; fileRef = 3FF7D944172198820034267F /* Foundation.framework */; };
		3FF7D947172198820034267F /* CoreGraphics.framework in Frameworks */ = {isa = PBXBuildFile; fileRef = 3FF7D946172198820034267F /* CoreGraphics.framework */; };
		3FF7D94D172198820034267F /* InfoPlist.strings in Resources */ = {isa = PBXBuildFile; fileRef = 3FF7D94B172198820034267F /* InfoPlist.strings */; };
		3FF7D94F172198820034267F /* main.m in Sources */ = {isa = PBXBuildFile; fileRef = 3FF7D94E172198820034267F /* main.m */; };
		3FF7D953172198820034267F /* AppDelegate.m in Sources */ = {isa = PBXBuildFile; fileRef = 3FF7D952172198820034267F /* AppDelegate.m */; };
		3FF7D955172198820034267F /* Default.png in Resources */ = {isa = PBXBuildFile; fileRef = 3FF7D954172198820034267F /* Default.png */; };
		3FF7D957172198820034267F /* Default@2x.png in Resources */ = {isa = PBXBuildFile; fileRef = 3FF7D956172198820034267F /* Default@2x.png */; };
		3FF7D959172198820034267F /* Default-568h@2x.png in Resources */ = {isa = PBXBuildFile; fileRef = 3FF7D958172198820034267F /* Default-568h@2x.png */; };
/* End PBXBuildFile section */

/* Begin PBXFileReference section */
		121031335DA44A5EE6A2AE10 /* AFLabelManager.m */ = {isa = PBXFileReference; fileEncoding = 4; lastKnownFileType = sourcecode.c.objc; path = AFLabelManager.m; sourceTree = "<group>"; };
		1210316E8B90D17F1169E776 /* AFComponent.h */ = {isa = PBXFileReference; fileEncoding = 4; lastKnownFileType = sourcecode.c.h; path = AFComponent.h; sourceTree = "<group>"; };
		12103177EF7216C64B825D70 /* AFTagManager.h */ = {isa = PBXFileReference; fileEncoding = 4; lastKnownFileType = sourcecode.c.h; path = AFTagManager.h; sourceTree = "<group>"; };
		121031C64C7138B54FD7C78D /* AFTagEntitySystem.m */ = {isa = PBXFileReference; fileEncoding = 4; lastKnownFileType = sourcecode.c.objc; path = AFTagEntitySystem.m; sourceTree = "<group>"; };
		12103258E59BA14EB10899FA /* AFIntervalEntitySystem.h */ = {isa = PBXFileReference; fileEncoding = 4; lastKnownFileType = sourcecode.c.h; path = AFIntervalEntitySystem.h; sourceTree = "<group>"; };
		121032B9A92FF41F84401FCD /* AFManager.h */ = {isa = PBXFileReference; fileEncoding = 4; lastKnownFileType = sourcecode.c.h; path = AFManager.h; sourceTree = "<group>"; };
		1210332CEA9AA6A04C214545 /* AFEntity.h */ = {isa = PBXFileReference; fileEncoding = 4; lastKnownFileType = sourcecode.c.h; path = AFEntity.h; sourceTree = "<group>"; };
		1210333C452CD9739EBD68DC /* AFEntityManager.h */ = {isa = PBXFileReference; fileEncoding = 4; lastKnownFileType = sourcecode.c.h; path = AFEntityManager.h; sourceTree = "<group>"; };
		1210334E06A45FC9C470ADC5 /* AFTagEntitySystem.h */ = {isa = PBXFileReference; fileEncoding = 4; lastKnownFileType = sourcecode.c.h; path = AFTagEntitySystem.h; sourceTree = "<group>"; };
		121033B8924774F12123454C /* AFEntityProcessingSystem.h */ = {isa = PBXFileReference; fileEncoding = 4; lastKnownFileType = sourcecode.c.h; path = AFEntityProcessingSystem.h; sourceTree = "<group>"; };
		1210340F854726179FA8E67D /* AFGroupManager.m */ = {isa = PBXFileReference; fileEncoding = 4; lastKnownFileType = sourcecode.c.objc; path = AFGroupManager.m; sourceTree = "<group>"; };
		12103485F8CE57DD212951DA /* AFGroupManager.h */ = {isa = PBXFileReference; fileEncoding = 4; lastKnownFileType = sourcecode.c.h; path = AFGroupManager.h; sourceTree = "<group>"; };
		12103487DC7211EB50770130 /* AFTeamManager.h */ = {isa = PBXFileReference; fileEncoding = 4; lastKnownFileType = sourcecode.c.h; path = AFTeamManager.h; sourceTree = "<group>"; };
		1210361C2FA055913497042C /* AFEntity.m */ = {isa = PBXFileReference; fileEncoding = 4; lastKnownFileType = sourcecode.c.objc; path = AFEntity.m; sourceTree = "<group>"; };
		1210362A71D5803BFF34D241 /* AFSystemManager.m */ = {isa = PBXFileReference; fileEncoding = 4; lastKnownFileType = sourcecode.c.objc; path = AFSystemManager.m; sourceTree = "<group>"; };
		12103657C464757C073D4B95 /* AFIntervalEntityProcessingSystem.h */ = {isa = PBXFileReference; fileEncoding = 4; lastKnownFileType = sourcecode.c.h; path = AFIntervalEntityProcessingSystem.h; sourceTree = "<group>"; };
		1210367EE846F8DF24150759 /* AFPlayerManager.m */ = {isa = PBXFileReference; fileEncoding = 4; lastKnownFileType = sourcecode.c.objc; path = AFPlayerManager.m; sourceTree = "<group>"; };
		121037027AE026768A911F26 /* AFSystemManager.h */ = {isa = PBXFileReference; fileEncoding = 4; lastKnownFileType = sourcecode.c.h; path = AFSystemManager.h; sourceTree = "<group>"; };
		1210371A529A3AB1E4ACC351 /* AFComponentMapper.h */ = {isa = PBXFileReference; fileEncoding = 4; lastKnownFileType = sourcecode.c.h; path = AFComponentMapper.h; sourceTree = "<group>"; };
		1210373A7C61AEE6A13644B2 /* AFEntityProcessingSystem.m */ = {isa = PBXFileReference; fileEncoding = 4; lastKnownFileType = sourcecode.c.objc; path = AFEntityProcessingSystem.m; sourceTree = "<group>"; };
		12103773F4889085254D0825 /* AFAspect.h */ = {isa = PBXFileReference; fileEncoding = 4; lastKnownFileType = sourcecode.c.h; path = AFAspect.h; sourceTree = "<group>"; };
		121037763001708AFAA76FF7 /* AFEntitySystem.m */ = {isa = PBXFileReference; fileEncoding = 4; lastKnownFileType = sourcecode.c.objc; path = AFEntitySystem.m; sourceTree = "<group>"; };
		121037A45F8556A1AA1F4273 /* AFEntityObserver.h */ = {isa = PBXFileReference; fileEncoding = 4; lastKnownFileType = sourcecode.c.h; path = AFEntityObserver.h; sourceTree = "<group>"; };
		12103811FF3A374F30A8FB7D /* AFWorld.h */ = {isa = PBXFileReference; fileEncoding = 4; lastKnownFileType = sourcecode.c.h; path = AFWorld.h; sourceTree = "<group>"; };
		121038199063F9F0A4A785EA /* AFEntityManager.m */ = {isa = PBXFileReference; fileEncoding = 4; lastKnownFileType = sourcecode.c.objc; path = AFEntityManager.m; sourceTree = "<group>"; };
		121038A16760B4B245A7DBD2 /* AFEntitySystem.h */ = {isa = PBXFileReference; fileEncoding = 4; lastKnownFileType = sourcecode.c.h; path = AFEntitySystem.h; sourceTree = "<group>"; };
		121038F6C79E16E62CA610CC /* AFAspect.m */ = {isa = PBXFileReference; fileEncoding = 4; lastKnownFileType = sourcecode.c.objc; path = AFAspect.m; sourceTree = "<group>"; };
		12103921C5B6718DC5FB6DA3 /* AFLabelManager.h */ = {isa = PBXFileReference; fileEncoding = 4; lastKnownFileType = sourcecode.c.h; path = AFLabelManager.h; sourceTree = "<group>"; };
		121039D6DA89D9AA5ED19C18 /* AFComponentManager.m */ = {isa = PBXFileReference; fileEncoding = 4; lastKnownFileType = sourcecode.c.objc; path = AFComponentManager.m; sourceTree = "<group>"; };
		121039D84CBA1EECA5C5C52D /* AFComponent.m */ = {isa = PBXFileReference; fileEncoding = 4; lastKnownFileType = sourcecode.c.objc; path = AFComponent.m; sourceTree = "<group>"; };
		12103A21B10E16BCEDEC5569 /* AFDelayedEntityProcessingSystem.h */ = {isa = PBXFileReference; fileEncoding = 4; lastKnownFileType = sourcecode.c.h; path = AFDelayedEntityProcessingSystem.h; sourceTree = "<group>"; };
		12103AFA336130AB5B727EB2 /* AFDelayedEntityProcessingSystem.m */ = {isa = PBXFileReference; fileEncoding = 4; lastKnownFileType = sourcecode.c.objc; path = AFDelayedEntityProcessingSystem.m; sourceTree = "<group>"; };
		12103B28BC526D13E4548BBD /* AFIntervalEntitySystem.m */ = {isa = PBXFileReference; fileEncoding = 4; lastKnownFileType = sourcecode.c.objc; path = AFIntervalEntitySystem.m; sourceTree = "<group>"; };
		12103B42D95E4C51A5783DC2 /* AFTagManager.m */ = {isa = PBXFileReference; fileEncoding = 4; lastKnownFileType = sourcecode.c.objc; path = AFTagManager.m; sourceTree = "<group>"; };
		12103B804CF0B4D61A718DD1 /* AFPlayerManager.h */ = {isa = PBXFileReference; fileEncoding = 4; lastKnownFileType = sourcecode.c.h; path = AFPlayerManager.h; sourceTree = "<group>"; };
		12103B893CDAEFE89B1EFEB9 /* AFEntityComponentSystem.m */ = {isa = PBXFileReference; fileEncoding = 4; lastKnownFileType = sourcecode.c.objc; path = AFEntityComponentSystem.m; sourceTree = "<group>"; };
		12103BA750FAAD30C87F4AC9 /* AFGroupEntitySystem.m */ = {isa = PBXFileReference; fileEncoding = 4; lastKnownFileType = sourcecode.c.objc; path = AFGroupEntitySystem.m; sourceTree = "<group>"; };
		12103C47F9A6077A7D087CBA /* AFManager.m */ = {isa = PBXFileReference; fileEncoding = 4; lastKnownFileType = sourcecode.c.objc; path = AFManager.m; sourceTree = "<group>"; };
		12103CC224B7C769B7A3B038 /* AFWorld.m */ = {isa = PBXFileReference; fileEncoding = 4; lastKnownFileType = sourcecode.c.objc; path = AFWorld.m; sourceTree = "<group>"; };
		12103D5CAC321E81BC469586 /* AFGroupEntitySystem.h */ = {isa = PBXFileReference; fileEncoding = 4; lastKnownFileType = sourcecode.c.h; path = AFGroupEntitySystem.h; sourceTree = "<group>"; };
		12103DAE89F3014A61732BE2 /* AFIntervalEntityProcessingSystem.m */ = {isa = PBXFileReference; fileEncoding = 4; lastKnownFileType = sourcecode.c.objc; path = AFIntervalEntityProcessingSystem.m; sourceTree = "<group>"; };
		12103E556359325463A8CC03 /* AFEntityComponentSystem.h */ = {isa = PBXFileReference; fileEncoding = 4; lastKnownFileType = sourcecode.c.h; path = AFEntityComponentSystem.h; sourceTree = "<group>"; };
		12103E5C156C8DF486F4FB28 /* AFTeamManager.m */ = {isa = PBXFileReference; fileEncoding = 4; lastKnownFileType = sourcecode.c.objc; path = AFTeamManager.m; sourceTree = "<group>"; };
		12103EF099E6F7461F59BD24 /* AFComponentMapper.m */ = {isa = PBXFileReference; fileEncoding = 4; lastKnownFileType = sourcecode.c.objc; path = AFComponentMapper.m; sourceTree = "<group>"; };
		12103F26E13F571454E5B912 /* AFComponentManager.h */ = {isa = PBXFileReference; fileEncoding = 4; lastKnownFileType = sourcecode.c.h; path = AFComponentManager.h; sourceTree = "<group>"; };
		3F5A1C231727C5F400233384 /* AFComponentClassIndexer.h */ = {isa = PBXFileReference; fileEncoding = 4; lastKnownFileType = sourcecode.c.h; path = AFComponentClassIndexer.h; sourceTree = "<group>"; };
		3F5A1C241727C5F400233384 /* AFComponentClassIndexer.m */ = {isa = PBXFileReference; fileEncoding = 4; lastKnownFileType = sourcecode.c.objc; path = AFComponentClassIndexer.m; sourceTree = "<group>"; };
		3F5A1C261727C61E00233384 /* AFSystemClassIndexer.h */ = {isa = PBXFileReference; fileEncoding = 4; lastKnownFileType = sourcecode.c.h; path = AFSystemClassIndexer.h; sourceTree = "<group>"; };
		3F5A1C271727C61E00233384 /* AFSystemClassIndexer.m */ = {isa = PBXFileReference; fileEncoding = 4; lastKnownFileType = sourcecode.c.objc; path = AFSystemClassIndexer.m; sourceTree = "<group>"; };
		3F8B6B7E17224ECA009BF76A /* SenTestingKit.framework */ = {isa = PBXFileReference; lastKnownFileType = wrapper.framework; name = SenTestingKit.framework; path = Library/Frameworks/SenTestingKit.framework; sourceTree = DEVELOPER_DIR; };
		3FF7D93F172198820034267F /* ObjectiveArtemis.app */ = {isa = PBXFileReference; explicitFileType = wrapper.application; includeInIndex = 0; path = ObjectiveArtemis.app; sourceTree = BUILT_PRODUCTS_DIR; };
		3FF7D942172198820034267F /* UIKit.framework */ = {isa = PBXFileReference; lastKnownFileType = wrapper.framework; name = UIKit.framework; path = System/Library/Frameworks/UIKit.framework; sourceTree = SDKROOT; };
		3FF7D944172198820034267F /* Foundation.framework */ = {isa = PBXFileReference; lastKnownFileType = wrapper.framework; name = Foundation.framework; path = System/Library/Frameworks/Foundation.framework; sourceTree = SDKROOT; };
		3FF7D946172198820034267F /* CoreGraphics.framework */ = {isa = PBXFileReference; lastKnownFileType = wrapper.framework; name = CoreGraphics.framework; path = System/Library/Frameworks/CoreGraphics.framework; sourceTree = SDKROOT; };
		3FF7D94A172198820034267F /* ObjectiveArtemis-Info.plist */ = {isa = PBXFileReference; lastKnownFileType = text.plist.xml; path = "ObjectiveArtemis-Info.plist"; sourceTree = "<group>"; };
		3FF7D94C172198820034267F /* en */ = {isa = PBXFileReference; lastKnownFileType = text.plist.strings; name = en; path = en.lproj/InfoPlist.strings; sourceTree = "<group>"; };
		3FF7D94E172198820034267F /* main.m */ = {isa = PBXFileReference; lastKnownFileType = sourcecode.c.objc; path = main.m; sourceTree = "<group>"; };
		3FF7D950172198820034267F /* ObjectiveArtemis-Prefix.pch */ = {isa = PBXFileReference; lastKnownFileType = sourcecode.c.h; path = "ObjectiveArtemis-Prefix.pch"; sourceTree = "<group>"; };
		3FF7D951172198820034267F /* AppDelegate.h */ = {isa = PBXFileReference; lastKnownFileType = sourcecode.c.h; path = AppDelegate.h; sourceTree = "<group>"; };
		3FF7D952172198820034267F /* AppDelegate.m */ = {isa = PBXFileReference; lastKnownFileType = sourcecode.c.objc; path = AppDelegate.m; sourceTree = "<group>"; };
		3FF7D954172198820034267F /* Default.png */ = {isa = PBXFileReference; lastKnownFileType = image.png; path = Default.png; sourceTree = "<group>"; };
		3FF7D956172198820034267F /* Default@2x.png */ = {isa = PBXFileReference; lastKnownFileType = image.png; path = "Default@2x.png"; sourceTree = "<group>"; };
		3FF7D958172198820034267F /* Default-568h@2x.png */ = {isa = PBXFileReference; lastKnownFileType = image.png; path = "Default-568h@2x.png"; sourceTree = "<group>"; };
		3FF7D9601721992C0034267F /* Artemis.h */ = {isa = PBXFileReference; fileEncoding = 4; lastKnownFileType = sourcecode.c.h; path = Artemis.h; sourceTree = "<group>"; };
/* End PBXFileReference section */

/* Begin PBXFrameworksBuildPhase section */
		3FF7D93C172198820034267F /* Frameworks */ = {
			isa = PBXFrameworksBuildPhase;
			buildActionMask = 2147483647;
			files = (
				3FF7D943172198820034267F /* UIKit.framework in Frameworks */,
				3FF7D945172198820034267F /* Foundation.framework in Frameworks */,
				3FF7D947172198820034267F /* CoreGraphics.framework in Frameworks */,
			);
			runOnlyForDeploymentPostprocessing = 0;
		};
/* End PBXFrameworksBuildPhase section */

/* Begin PBXGroup section */
		3FF7D936172198820034267F = {
			isa = PBXGroup;
			children = (
				3FF7D95F1721992C0034267F /* ArtemisFramework */,
				3FF7D948172198820034267F /* ObjectiveArtemis */,
				3FF7D941172198820034267F /* Frameworks */,
				3FF7D940172198820034267F /* Products */,
			);
			sourceTree = "<group>";
		};
		3FF7D940172198820034267F /* Products */ = {
			isa = PBXGroup;
			children = (
				3FF7D93F172198820034267F /* ObjectiveArtemis.app */,
			);
			name = Products;
			sourceTree = "<group>";
		};
		3FF7D941172198820034267F /* Frameworks */ = {
			isa = PBXGroup;
			children = (
				3FF7D942172198820034267F /* UIKit.framework */,
				3FF7D944172198820034267F /* Foundation.framework */,
				3FF7D946172198820034267F /* CoreGraphics.framework */,
				3F8B6B7E17224ECA009BF76A /* SenTestingKit.framework */,
			);
			name = Frameworks;
			sourceTree = "<group>";
		};
		3FF7D948172198820034267F /* ObjectiveArtemis */ = {
			isa = PBXGroup;
			children = (
				3FF7D951172198820034267F /* AppDelegate.h */,
				3FF7D952172198820034267F /* AppDelegate.m */,
				3FF7D949172198820034267F /* Supporting Files */,
			);
			path = ObjectiveArtemis;
			sourceTree = "<group>";
		};
		3FF7D949172198820034267F /* Supporting Files */ = {
			isa = PBXGroup;
			children = (
				3FF7D94A172198820034267F /* ObjectiveArtemis-Info.plist */,
				3FF7D94B172198820034267F /* InfoPlist.strings */,
				3FF7D94E172198820034267F /* main.m */,
				3FF7D950172198820034267F /* ObjectiveArtemis-Prefix.pch */,
				3FF7D954172198820034267F /* Default.png */,
				3FF7D956172198820034267F /* Default@2x.png */,
				3FF7D958172198820034267F /* Default-568h@2x.png */,
			);
			name = "Supporting Files";
			sourceTree = "<group>";
		};
		3FF7D95F1721992C0034267F /* ArtemisFramework */ = {
			isa = PBXGroup;
			children = (
				3FF7D98B17219B820034267F /* Basis */,
				3FF7D98C17219B820034267F /* Managers */,
				3FF7D98D17219B820034267F /* Systems */,
				3FF7D9601721992C0034267F /* Artemis.h */,
			);
			path = ArtemisFramework;
			sourceTree = "<group>";
		};
		3FF7D98B17219B820034267F /* Basis */ = {
			isa = PBXGroup;
			children = (
				1210316E8B90D17F1169E776 /* AFComponent.h */,
				12103811FF3A374F30A8FB7D /* AFWorld.h */,
				1210361C2FA055913497042C /* AFEntity.m */,
				12103CC224B7C769B7A3B038 /* AFWorld.m */,
				121037763001708AFAA76FF7 /* AFEntitySystem.m */,
				1210371A529A3AB1E4ACC351 /* AFComponentMapper.h */,
				1210332CEA9AA6A04C214545 /* AFEntity.h */,
				121039D84CBA1EECA5C5C52D /* AFComponent.m */,
				12103EF099E6F7461F59BD24 /* AFComponentMapper.m */,
				121038A16760B4B245A7DBD2 /* AFEntitySystem.h */,
				121032B9A92FF41F84401FCD /* AFManager.h */,
				12103C47F9A6077A7D087CBA /* AFManager.m */,
				121038F6C79E16E62CA610CC /* AFAspect.m */,
				12103773F4889085254D0825 /* AFAspect.h */,
				121037A45F8556A1AA1F4273 /* AFEntityObserver.h */,
				121038199063F9F0A4A785EA /* AFEntityManager.m */,
				1210333C452CD9739EBD68DC /* AFEntityManager.h */,
				121037027AE026768A911F26 /* AFSystemManager.h */,
				1210362A71D5803BFF34D241 /* AFSystemManager.m */,
				121039D6DA89D9AA5ED19C18 /* AFComponentManager.m */,
				12103F26E13F571454E5B912 /* AFComponentManager.h */,
				3F5A1C231727C5F400233384 /* AFComponentClassIndexer.h */,
				3F5A1C241727C5F400233384 /* AFComponentClassIndexer.m */,
				3F5A1C261727C61E00233384 /* AFSystemClassIndexer.h */,
				3F5A1C271727C61E00233384 /* AFSystemClassIndexer.m */,
			);
			path = Basis;
			sourceTree = "<group>";
		};
		3FF7D98C17219B820034267F /* Managers */ = {
			isa = PBXGroup;
			children = (
				12103485F8CE57DD212951DA /* AFGroupManager.h */,
				12103B42D95E4C51A5783DC2 /* AFTagManager.m */,
				121031335DA44A5EE6A2AE10 /* AFLabelManager.m */,
				1210340F854726179FA8E67D /* AFGroupManager.m */,
				12103921C5B6718DC5FB6DA3 /* AFLabelManager.h */,
				12103177EF7216C64B825D70 /* AFTagManager.h */,
				1210367EE846F8DF24150759 /* AFPlayerManager.m */,
				12103B804CF0B4D61A718DD1 /* AFPlayerManager.h */,
				12103E5C156C8DF486F4FB28 /* AFTeamManager.m */,
				12103487DC7211EB50770130 /* AFTeamManager.h */,
			);
			path = Managers;
			sourceTree = "<group>";
		};
		3FF7D98D17219B820034267F /* Systems */ = {
			isa = PBXGroup;
			children = (
				12103B893CDAEFE89B1EFEB9 /* AFEntityComponentSystem.m */,
				12103E556359325463A8CC03 /* AFEntityComponentSystem.h */,
				12103D5CAC321E81BC469586 /* AFGroupEntitySystem.h */,
				12103BA750FAAD30C87F4AC9 /* AFGroupEntitySystem.m */,
				121031C64C7138B54FD7C78D /* AFTagEntitySystem.m */,
				1210334E06A45FC9C470ADC5 /* AFTagEntitySystem.h */,
				12103AFA336130AB5B727EB2 /* AFDelayedEntityProcessingSystem.m */,
				12103A21B10E16BCEDEC5569 /* AFDelayedEntityProcessingSystem.h */,
				1210373A7C61AEE6A13644B2 /* AFEntityProcessingSystem.m */,
				121033B8924774F12123454C /* AFEntityProcessingSystem.h */,
				12103B28BC526D13E4548BBD /* AFIntervalEntitySystem.m */,
				12103258E59BA14EB10899FA /* AFIntervalEntitySystem.h */,
				12103DAE89F3014A61732BE2 /* AFIntervalEntityProcessingSystem.m */,
				12103657C464757C073D4B95 /* AFIntervalEntityProcessingSystem.h */,
			);
			path = Systems;
			sourceTree = "<group>";
		};
/* End PBXGroup section */

/* Begin PBXNativeTarget section */
		3FF7D93E172198820034267F /* ObjectiveArtemis */ = {
			isa = PBXNativeTarget;
			buildConfigurationList = 3FF7D95C172198820034267F /* Build configuration list for PBXNativeTarget "ObjectiveArtemis" */;
			buildPhases = (
				3FF7D93B172198820034267F /* Sources */,
				3FF7D93C172198820034267F /* Frameworks */,
				3FF7D93D172198820034267F /* Resources */,
			);
			buildRules = (
			);
			dependencies = (
			);
			name = ObjectiveArtemis;
			productName = ObjectiveArtemis;
			productReference = 3FF7D93F172198820034267F /* ObjectiveArtemis.app */;
			productType = "com.apple.product-type.application";
		};
/* End PBXNativeTarget section */

/* Begin PBXProject section */
		3FF7D937172198820034267F /* Project object */ = {
			isa = PBXProject;
			attributes = {
				LastUpgradeCheck = 0460;
				ORGANIZATIONNAME = "Kerberos Zhang";
			};
			buildConfigurationList = 3FF7D93A172198820034267F /* Build configuration list for PBXProject "ObjectiveArtemis" */;
			compatibilityVersion = "Xcode 3.2";
			developmentRegion = English;
			hasScannedForEncodings = 0;
			knownRegions = (
				en,
			);
			mainGroup = 3FF7D936172198820034267F;
			productRefGroup = 3FF7D940172198820034267F /* Products */;
			projectDirPath = "";
			projectRoot = "";
			targets = (
				3FF7D93E172198820034267F /* ObjectiveArtemis */,
			);
		};
/* End PBXProject section */

/* Begin PBXResourcesBuildPhase section */
		3FF7D93D172198820034267F /* Resources */ = {
			isa = PBXResourcesBuildPhase;
			buildActionMask = 2147483647;
			files = (
				3FF7D94D172198820034267F /* InfoPlist.strings in Resources */,
				3FF7D955172198820034267F /* Default.png in Resources */,
				3FF7D957172198820034267F /* Default@2x.png in Resources */,
				3FF7D959172198820034267F /* Default-568h@2x.png in Resources */,
			);
			runOnlyForDeploymentPostprocessing = 0;
		};
/* End PBXResourcesBuildPhase section */

/* Begin PBXSourcesBuildPhase section */
		3FF7D93B172198820034267F /* Sources */ = {
			isa = PBXSourcesBuildPhase;
			buildActionMask = 2147483647;
			files = (
				3FF7D94F172198820034267F /* main.m in Sources */,
				3FF7D953172198820034267F /* AppDelegate.m in Sources */,
				12103A4F05760BAB6BC66346 /* AFEntity.m in Sources */,
				12103025D62060F167C2323B /* AFWorld.m in Sources */,
				12103E81065B4903A9D13514 /* AFEntitySystem.m in Sources */,
				121030CFF5048F86B709BCEC /* AFComponent.m in Sources */,
				12103B2C842F4E0183E91E75 /* AFComponentMapper.m in Sources */,
				12103475B8A2400693D8A248 /* AFTagManager.m in Sources */,
				12103939577ABC1ABCBE490A /* AFLabelManager.m in Sources */,
				12103797FE07A27B2B4B55EF /* AFGroupManager.m in Sources */,
				121036230D2F7D02AFCF3DC4 /* AFManager.m in Sources */,
				1210300B4442BF2012D238CE /* AFEntityComponentSystem.m in Sources */,
				12103FF45982081634998C98 /* AFGroupEntitySystem.m in Sources */,
				121037B788C6B9CF06618D94 /* AFTagEntitySystem.m in Sources */,
				121032073E15A22DB4730879 /* AFAspect.m in Sources */,
				12103F608D3DC2743FE36E9D /* AFEntityManager.m in Sources */,
				12103EE344468BF4B7881A83 /* AFSystemManager.m in Sources */,
				121035EF290A6968405C0CA8 /* AFComponentManager.m in Sources */,
				1210391DEED212782DC48FD8 /* AFPlayerManager.m in Sources */,
				121038C4518D136EE800260D /* AFTeamManager.m in Sources */,
				121035C30E69E67FA2001AC8 /* AFDelayedEntityProcessingSystem.m in Sources */,
				121038E101FCE211C0FA4F4F /* AFEntityProcessingSystem.m in Sources */,
				1210382B3F61C7F4D972CFA4 /* AFIntervalEntitySystem.m in Sources */,
				12103D6C128F5BCA1BA00EA4 /* AFIntervalEntityProcessingSystem.m in Sources */,
				3F5A1C251727C5F400233384 /* AFComponentClassIndexer.m in Sources */,
				3F5A1C281727C61E00233384 /* AFSystemClassIndexer.m in Sources */,
			);
			runOnlyForDeploymentPostprocessing = 0;
		};
/* End PBXSourcesBuildPhase section */

/* Begin PBXVariantGroup section */
		3FF7D94B172198820034267F /* InfoPlist.strings */ = {
			isa = PBXVariantGroup;
			children = (
				3FF7D94C172198820034267F /* en */,
			);
			name = InfoPlist.strings;
			sourceTree = "<group>";
		};
/* End PBXVariantGroup section */

/* Begin XCBuildConfiguration section */
		3FF7D95A172198820034267F /* Debug */ = {
			isa = XCBuildConfiguration;
			buildSettings = {
				ALWAYS_SEARCH_USER_PATHS = NO;
				CLANG_CXX_LANGUAGE_STANDARD = "gnu++0x";
				CLANG_CXX_LIBRARY = "libc++";
				CLANG_WARN_CONSTANT_CONVERSION = YES;
				CLANG_WARN_EMPTY_BODY = YES;
				CLANG_WARN_ENUM_CONVERSION = YES;
				CLANG_WARN_INT_CONVERSION = YES;
				CLANG_WARN__DUPLICATE_METHOD_MATCH = YES;
				"CODE_SIGN_IDENTITY[sdk=iphoneos*]" = "iPhone Developer";
				COPY_PHASE_STRIP = NO;
				GCC_C_LANGUAGE_STANDARD = gnu99;
				GCC_DYNAMIC_NO_PIC = NO;
				GCC_OPTIMIZATION_LEVEL = 0;
				GCC_PREPROCESSOR_DEFINITIONS = (
					"DEBUG=1",
					"$(inherited)",
				);
				GCC_SYMBOLS_PRIVATE_EXTERN = NO;
				GCC_WARN_ABOUT_RETURN_TYPE = YES;
				GCC_WARN_UNINITIALIZED_AUTOS = YES;
				GCC_WARN_UNUSED_VARIABLE = YES;
				IPHONEOS_DEPLOYMENT_TARGET = 6.1;
				ONLY_ACTIVE_ARCH = YES;
				SDKROOT = iphoneos;
			};
			name = Debug;
		};
		3FF7D95B172198820034267F /* Release */ = {
			isa = XCBuildConfiguration;
			buildSettings = {
				ALWAYS_SEARCH_USER_PATHS = NO;
				CLANG_CXX_LANGUAGE_STANDARD = "gnu++0x";
				CLANG_CXX_LIBRARY = "libc++";
				CLANG_WARN_CONSTANT_CONVERSION = YES;
				CLANG_WARN_EMPTY_BODY = YES;
				CLANG_WARN_ENUM_CONVERSION = YES;
				CLANG_WARN_INT_CONVERSION = YES;
				CLANG_WARN__DUPLICATE_METHOD_MATCH = YES;
				"CODE_SIGN_IDENTITY[sdk=iphoneos*]" = "iPhone Developer";
				COPY_PHASE_STRIP = YES;
				GCC_C_LANGUAGE_STANDARD = gnu99;
				GCC_WARN_ABOUT_RETURN_TYPE = YES;
				GCC_WARN_UNINITIALIZED_AUTOS = YES;
				GCC_WARN_UNUSED_VARIABLE = YES;
				IPHONEOS_DEPLOYMENT_TARGET = 6.1;
				OTHER_CFLAGS = "-DNS_BLOCK_ASSERTIONS=1";
				SDKROOT = iphoneos;
				VALIDATE_PRODUCT = YES;
			};
			name = Release;
		};
		3FF7D95D172198820034267F /* Debug */ = {
			isa = XCBuildConfiguration;
			buildSettings = {
				GCC_PRECOMPILE_PREFIX_HEADER = YES;
				GCC_PREFIX_HEADER = "ObjectiveArtemis/ObjectiveArtemis-Prefix.pch";
				INFOPLIST_FILE = "ObjectiveArtemis/ObjectiveArtemis-Info.plist";
				IPHONEOS_DEPLOYMENT_TARGET = 5.1;
				PRODUCT_NAME = "$(TARGET_NAME)";
				WRAPPER_EXTENSION = app;
			};
			name = Debug;
		};
		3FF7D95E172198820034267F /* Release */ = {
			isa = XCBuildConfiguration;
			buildSettings = {
				GCC_PRECOMPILE_PREFIX_HEADER = YES;
				GCC_PREFIX_HEADER = "ObjectiveArtemis/ObjectiveArtemis-Prefix.pch";
				INFOPLIST_FILE = "ObjectiveArtemis/ObjectiveArtemis-Info.plist";
				IPHONEOS_DEPLOYMENT_TARGET = 5.1;
				PRODUCT_NAME = "$(TARGET_NAME)";
				WRAPPER_EXTENSION = app;
			};
			name = Release;
		};
/* End XCBuildConfiguration section */

/* Begin XCConfigurationList section */
		3FF7D93A172198820034267F /* Build configuration list for PBXProject "ObjectiveArtemis" */ = {
			isa = XCConfigurationList;
			buildConfigurations = (
				3FF7D95A172198820034267F /* Debug */,
				3FF7D95B172198820034267F /* Release */,
			);
			defaultConfigurationIsVisible = 0;
			defaultConfigurationName = Release;
		};
		3FF7D95C172198820034267F /* Build configuration list for PBXNativeTarget "ObjectiveArtemis" */ = {
			isa = XCConfigurationList;
			buildConfigurations = (
				3FF7D95D172198820034267F /* Debug */,
				3FF7D95E172198820034267F /* Release */,
			);
			defaultConfigurationIsVisible = 0;
			defaultConfigurationName = Release;
		};
/* End XCConfigurationList section */
	};
	rootObject = 3FF7D937172198820034267F /* Project object */;
}
